
Microsoft Visual Studio Solution File, Format Version 12.00
# Visual Studio Version 17
VisualStudioVersion = 17.11.35303.130
MinimumVisualStudioVersion = 10.0.40219.1
Project("{FAE04EC0-301F-11D3-BF4B-00C04F79EFBC}") = "DanhSachLienKet", "DanhSachLienKet\DanhSachLienKet.csproj", "{6E25E772-4937-4087-AA80-EE317FA53865}"
EndProject
Global
	GlobalSection(SolutionConfigurationPlatforms) = preSolution
		Debug|Any CPU = Debug|Any CPU
		Release|Any CPU = Release|Any CPU
	EndGlobalSection
	GlobalSection(ProjectConfigurationPlatforms) = postSolution
		{6E25E772-4937-4087-AA80-EE317FA53865}.Debug|Any CPU.ActiveCfg = Debug|Any CPU
		{6E25E772-4937-4087-AA80-EE317FA53865}.Debug|Any CPU.Build.0 = Debug|Any CPU
		{6E25E772-4937-4087-AA80-EE317FA53865}.Release|Any CPU.ActiveCfg = Release|Any CPU
		{6E25E772-4937-4087-AA80-EE317FA53865}.Release|Any CPU.Build.0 = Release|Any CPU
	EndGlobalSection
	GlobalSection(SolutionProperties) = preSolution
		HideSolutionNode = FALSE
	EndGlobalSection
	GlobalSection(ExtensibilityGlobals) = postSolution
		SolutionGuid = {F88B5A5D-16C3-4B77-89C2-24AAC57B6B8B}
	EndGlobalSection
EndGlobal
